
Microsoft Visual Studio Solution File, Format Version 12.00
# Visual Studio Version 16
VisualStudioVersion = 16.0.29209.62
MinimumVisualStudioVersion = 10.0.40219.1
Project("{FAE04EC0-301F-11D3-BF4B-00C04F79EFBC}") = "KCOv3_csv_reader", "KCOv3_csv_reader\KCOv3_csv_reader.csproj", "{510639F8-6A77-47A1-A7C3-41E4AF78F9E0}"
EndProject
Global
	GlobalSection(SolutionConfigurationPlatforms) = preSolution
		Debug|Any CPU = Debug|Any CPU
		Release|Any CPU = Release|Any CPU
	EndGlobalSection
	GlobalSection(ProjectConfigurationPlatforms) = postSolution
		{510639F8-6A77-47A1-A7C3-41E4AF78F9E0}.Debug|Any CPU.ActiveCfg = Debug|Any CPU
		{510639F8-6A77-47A1-A7C3-41E4AF78F9E0}.Debug|Any CPU.Build.0 = Debug|Any CPU
		{510639F8-6A77-47A1-A7C3-41E4AF78F9E0}.Release|Any CPU.ActiveCfg = Release|Any CPU
		{510639F8-6A77-47A1-A7C3-41E4AF78F9E0}.Release|Any CPU.Build.0 = Release|Any CPU
	EndGlobalSection
	GlobalSection(SolutionProperties) = preSolution
		HideSolutionNode = FALSE
	EndGlobalSection
	GlobalSection(ExtensibilityGlobals) = postSolution
		SolutionGuid = {3EDEA9E6-CB9F-402D-BECA-706098F31BC3}
	EndGlobalSection
EndGlobal
